
Microsoft Visual Studio Solution File, Format Version 12.00
# Visual Studio Version 17
VisualStudioVersion = 17.8.34525.116
MinimumVisualStudioVersion = 10.0.40219.1
Project("{FAE04EC0-301F-11D3-BF4B-00C04F79EFBC}") = "MyFullServiceStateImplementation", "MyFullServiceStateImplementation.csproj", "{43B35921-3BFA-488F-8436-2C4DCDBF6D22}"
EndProject
Global
	GlobalSection(SolutionConfigurationPlatforms) = preSolution
		Debug|Any CPU = Debug|Any CPU
		Release|Any CPU = Release|Any CPU
	EndGlobalSection
	GlobalSection(ProjectConfigurationPlatforms) = postSolution
		{43B35921-3BFA-488F-8436-2C4DCDBF6D22}.Debug|Any CPU.ActiveCfg = Debug|Any CPU
		{43B35921-3BFA-488F-8436-2C4DCDBF6D22}.Debug|Any CPU.Build.0 = Debug|Any CPU
		{43B35921-3BFA-488F-8436-2C4DCDBF6D22}.Release|Any CPU.ActiveCfg = Release|Any CPU
		{43B35921-3BFA-488F-8436-2C4DCDBF6D22}.Release|Any CPU.Build.0 = Release|Any CPU
	EndGlobalSection
	GlobalSection(SolutionProperties) = preSolution
		HideSolutionNode = FALSE
	EndGlobalSection
	GlobalSection(ExtensibilityGlobals) = postSolution
		SolutionGuid = {E54A1481-401F-418F-AF94-5FA355192ED7}
	EndGlobalSection
EndGlobal
